
Microsoft Visual Studio Solution File, Format Version 12.00
# Visual Studio 15
VisualStudioVersion = 15.0.28307.1300
MinimumVisualStudioVersion = 10.0.40219.1
Project("{FAE04EC0-301F-11D3-BF4B-00C04F79EFBC}") = "SetterGetter", "SetterGetter\SetterGetter.csproj", "{24E9F453-9060-4981-AD28-10B6D1B608C9}"
EndProject
Global
	GlobalSection(SolutionConfigurationPlatforms) = preSolution
		Debug|Any CPU = Debug|Any CPU
		Release|Any CPU = Release|Any CPU
	EndGlobalSection
	GlobalSection(ProjectConfigurationPlatforms) = postSolution
		{24E9F453-9060-4981-AD28-10B6D1B608C9}.Debug|Any CPU.ActiveCfg = Debug|Any CPU
		{24E9F453-9060-4981-AD28-10B6D1B608C9}.Debug|Any CPU.Build.0 = Debug|Any CPU
		{24E9F453-9060-4981-AD28-10B6D1B608C9}.Release|Any CPU.ActiveCfg = Release|Any CPU
		{24E9F453-9060-4981-AD28-10B6D1B608C9}.Release|Any CPU.Build.0 = Release|Any CPU
	EndGlobalSection
	GlobalSection(SolutionProperties) = preSolution
		HideSolutionNode = FALSE
	EndGlobalSection
	GlobalSection(ExtensibilityGlobals) = postSolution
		SolutionGuid = {B0BC3E3E-5684-4E87-A917-EEF00292B4EB}
	EndGlobalSection
EndGlobal
