
Microsoft Visual Studio Solution File, Format Version 12.00
# Visual Studio 15
VisualStudioVersion = 15.0.28307.1300
MinimumVisualStudioVersion = 10.0.40219.1
Project("{FAE04EC0-301F-11D3-BF4B-00C04F79EFBC}") = "OOP_Human", "OOP_Human\OOP_Human.csproj", "{134F1E92-6C29-4D27-B523-AC8829E5E734}"
EndProject
Global
	GlobalSection(SolutionConfigurationPlatforms) = preSolution
		Debug|Any CPU = Debug|Any CPU
		Release|Any CPU = Release|Any CPU
	EndGlobalSection
	GlobalSection(ProjectConfigurationPlatforms) = postSolution
		{134F1E92-6C29-4D27-B523-AC8829E5E734}.Debug|Any CPU.ActiveCfg = Debug|Any CPU
		{134F1E92-6C29-4D27-B523-AC8829E5E734}.Debug|Any CPU.Build.0 = Debug|Any CPU
		{134F1E92-6C29-4D27-B523-AC8829E5E734}.Release|Any CPU.ActiveCfg = Release|Any CPU
		{134F1E92-6C29-4D27-B523-AC8829E5E734}.Release|Any CPU.Build.0 = Release|Any CPU
	EndGlobalSection
	GlobalSection(SolutionProperties) = preSolution
		HideSolutionNode = FALSE
	EndGlobalSection
	GlobalSection(ExtensibilityGlobals) = postSolution
		SolutionGuid = {7F3421FE-43DE-4F69-ADF5-8E17F1F5F994}
	EndGlobalSection
EndGlobal
