
Microsoft Visual Studio Solution File, Format Version 12.00
# Visual Studio 15
VisualStudioVersion = 15.0.28307.1300
MinimumVisualStudioVersion = 10.0.40219.1
Project("{FAE04EC0-301F-11D3-BF4B-00C04F79EFBC}") = "ImmutableArray", "ImmutableArray\ImmutableArray.csproj", "{5347D7F9-A24C-4CF9-8BDA-E1E888D32180}"
EndProject
Global
	GlobalSection(SolutionConfigurationPlatforms) = preSolution
		Debug|Any CPU = Debug|Any CPU
		Release|Any CPU = Release|Any CPU
	EndGlobalSection
	GlobalSection(ProjectConfigurationPlatforms) = postSolution
		{5347D7F9-A24C-4CF9-8BDA-E1E888D32180}.Debug|Any CPU.ActiveCfg = Debug|Any CPU
		{5347D7F9-A24C-4CF9-8BDA-E1E888D32180}.Debug|Any CPU.Build.0 = Debug|Any CPU
		{5347D7F9-A24C-4CF9-8BDA-E1E888D32180}.Release|Any CPU.ActiveCfg = Release|Any CPU
		{5347D7F9-A24C-4CF9-8BDA-E1E888D32180}.Release|Any CPU.Build.0 = Release|Any CPU
	EndGlobalSection
	GlobalSection(SolutionProperties) = preSolution
		HideSolutionNode = FALSE
	EndGlobalSection
	GlobalSection(ExtensibilityGlobals) = postSolution
		SolutionGuid = {8298ECCF-41F9-4009-95D3-0E2F47021775}
	EndGlobalSection
EndGlobal
