
Microsoft Visual Studio Solution File, Format Version 12.00
# Visual Studio 15
VisualStudioVersion = 15.0.28307.1300
MinimumVisualStudioVersion = 10.0.40219.1
Project("{FAE04EC0-301F-11D3-BF4B-00C04F79EFBC}") = "Members", "Members\Members.csproj", "{0F1ABE87-FA39-429D-AE93-9C6FD04DED94}"
EndProject
Global
	GlobalSection(SolutionConfigurationPlatforms) = preSolution
		Debug|Any CPU = Debug|Any CPU
		Release|Any CPU = Release|Any CPU
	EndGlobalSection
	GlobalSection(ProjectConfigurationPlatforms) = postSolution
		{0F1ABE87-FA39-429D-AE93-9C6FD04DED94}.Debug|Any CPU.ActiveCfg = Debug|Any CPU
		{0F1ABE87-FA39-429D-AE93-9C6FD04DED94}.Debug|Any CPU.Build.0 = Debug|Any CPU
		{0F1ABE87-FA39-429D-AE93-9C6FD04DED94}.Release|Any CPU.ActiveCfg = Release|Any CPU
		{0F1ABE87-FA39-429D-AE93-9C6FD04DED94}.Release|Any CPU.Build.0 = Release|Any CPU
	EndGlobalSection
	GlobalSection(SolutionProperties) = preSolution
		HideSolutionNode = FALSE
	EndGlobalSection
	GlobalSection(ExtensibilityGlobals) = postSolution
		SolutionGuid = {F46CC911-F015-4499-907D-5FFA9E9B9A24}
	EndGlobalSection
EndGlobal
